
Microsoft Visual Studio Solution File, Format Version 12.00
# Visual Studio Version 16
VisualStudioVersion = 16.0.30320.27
MinimumVisualStudioVersion = 10.0.40219.1
Project("{FAE04EC0-301F-11D3-BF4B-00C04F79EFBC}") = "Fita_Oana_Lab2", "Fita_Oana_Lab2\Fita_Oana_Lab2.csproj", "{A2F70536-5904-44B1-ABA7-D7680C470A7F}"
EndProject
Global
	GlobalSection(SolutionConfigurationPlatforms) = preSolution
		Debug|Any CPU = Debug|Any CPU
		Release|Any CPU = Release|Any CPU
	EndGlobalSection
	GlobalSection(ProjectConfigurationPlatforms) = postSolution
		{A2F70536-5904-44B1-ABA7-D7680C470A7F}.Debug|Any CPU.ActiveCfg = Debug|Any CPU
		{A2F70536-5904-44B1-ABA7-D7680C470A7F}.Debug|Any CPU.Build.0 = Debug|Any CPU
		{A2F70536-5904-44B1-ABA7-D7680C470A7F}.Release|Any CPU.ActiveCfg = Release|Any CPU
		{A2F70536-5904-44B1-ABA7-D7680C470A7F}.Release|Any CPU.Build.0 = Release|Any CPU
	EndGlobalSection
	GlobalSection(SolutionProperties) = preSolution
		HideSolutionNode = FALSE
	EndGlobalSection
	GlobalSection(ExtensibilityGlobals) = postSolution
		SolutionGuid = {77916677-F2C0-4456-B994-C5E845D79248}
	EndGlobalSection
EndGlobal
